{
  "originHash" : "8395bf94b207028b62cc8f3d694ae7bce0576f78c32b00b6f1f8bca8cde453bb",
  "pins" : [
    {
      "identity" : "meta-wearables-dat-ios",
      "kind" : "remoteSourceControl",
      "location" : "https://github.com/facebook/meta-wearables-dat-ios",
      "state" : {
        "revision" : "2ea30fa228359315baf71c404aec821472e994c1",
        "version" : "0.5.0"
      }
    }
  ],
  "version" : 3
}
